
Microsoft Visual Studio Solution File, Format Version 12.00
# Visual Studio 14
VisualStudioVersion = 14.0.25123.0
MinimumVisualStudioVersion = 10.0.40219.1
Project("{FAE04EC0-301F-11D3-BF4B-00C04F79EFBC}") = "DigitalRune", "Source\DigitalRune\DigitalRune.csproj", "{5A0E3C60-1CA9-49D5-84CA-308CB8E3A3B4}"
EndProject
Project("{FAE04EC0-301F-11D3-BF4B-00C04F79EFBC}") = "DigitalRune(PCL)", "Source\DigitalRune\DigitalRune(PCL).csproj", "{05D82E85-901A-42CE-8D0A-DAF8B7F0168B}"
EndProject
Project("{2150E333-8FDC-42A3-9474-1A3956D46DE8}") = "Source", "Source", "{4394B6B3-5CCF-453E-A5ED-965130BB74F5}"
EndProject
Project("{FAE04EC0-301F-11D3-BF4B-00C04F79EFBC}") = "DigitalRune.ServiceLocation(PCL)", "Source\DigitalRune.ServiceLocation\DigitalRune.ServiceLocation(PCL).csproj", "{4A84FCAF-BDD3-403E-A409-346D8B36564B}"
EndProject
Project("{FAE04EC0-301F-11D3-BF4B-00C04F79EFBC}") = "DigitalRune.Game(PCL)", "Source\DigitalRune.Game\DigitalRune.Game(PCL).csproj", "{8D76487A-0B6F-4517-85B0-2762AE1B4E1A}"
EndProject
Project("{FAE04EC0-301F-11D3-BF4B-00C04F79EFBC}") = "DigitalRune.Animation(XNA,Win)", "Source\DigitalRune.Animation\DigitalRune.Animation(XNA,Win).csproj", "{F9BE9DF7-F990-438E-A421-C0BDC48098F8}"
EndProject
Project("{FAE04EC0-301F-11D3-BF4B-00C04F79EFBC}") = "DigitalRune.Animation.Content.Pipeline(XNA,Win)", "Source\DigitalRune.Animation.Content.Pipeline\DigitalRune.Animation.Content.Pipeline(XNA,Win).csproj", "{5A02E74E-EF4A-405A-89F2-77A76E9767DD}"
EndProject
Project("{FAE04EC0-301F-11D3-BF4B-00C04F79EFBC}") = "DigitalRune.Game.Input(XNA,Win)", "Source\DigitalRune.Game.Input\DigitalRune.Game.Input(XNA,Win).csproj", "{716F2448-5602-451E-B1A8-1E1C46DD4A0E}"
EndProject
Project("{FAE04EC0-301F-11D3-BF4B-00C04F79EFBC}") = "DigitalRune.Game.UI(XNA,Win)", "Source\DigitalRune.Game.UI\DigitalRune.Game.UI(XNA,Win).csproj", "{8ADF4A57-4257-47B7-A2C3-3BA700613DB0}"
EndProject
Project("{FAE04EC0-301F-11D3-BF4B-00C04F79EFBC}") = "DigitalRune.Game.UI.Content.Pipeline(XNA,Win)", "Source\DigitalRune.Game.UI.Content.Pipeline\DigitalRune.Game.UI.Content.Pipeline(XNA,Win).csproj", "{E87B98FA-35CF-4A48-904A-0CB1A87A6D5D}"
EndProject
Project("{FAE04EC0-301F-11D3-BF4B-00C04F79EFBC}") = "DigitalRune.Geometry(XNA,Win)", "Source\DigitalRune.Geometry\DigitalRune.Geometry(XNA,Win).csproj", "{630154B1-627E-4890-94D7-6C7C6C0F9420}"
EndProject
Project("{FAE04EC0-301F-11D3-BF4B-00C04F79EFBC}") = "DigitalRune.Geometry.Content.Pipeline(XNA,Win)", "Source\DigitalRune.Geometry.Content.Pipeline\DigitalRune.Geometry.Content.Pipeline(XNA,Win).csproj", "{3EBC3967-7562-463E-A636-78C5EDB94C06}"
EndProject
Project("{FAE04EC0-301F-11D3-BF4B-00C04F79EFBC}") = "DigitalRune.Graphics(XNA,Win)", "Source\DigitalRune.Graphics\DigitalRune.Graphics(XNA,Win).csproj", "{9508E261-5AC5-4EB7-97F9-BC4FF6717708}"
	ProjectSection(ProjectDependencies) = postProject
		{B8E4B812-A541-416E-8F77-E78CF059CDD3} = {B8E4B812-A541-416E-8F77-E78CF059CDD3}
	EndProjectSection
EndProject
Project("{FAE04EC0-301F-11D3-BF4B-00C04F79EFBC}") = "DigitalRune.Mathematics(XNA,Win)", "Source\DigitalRune.Mathematics\DigitalRune.Mathematics(XNA,Win).csproj", "{823EAE88-7125-4F9D-92BC-626BDE6B5533}"
EndProject
Project("{FAE04EC0-301F-11D3-BF4B-00C04F79EFBC}") = "DigitalRune.Graphics", "Source\DigitalRune.Graphics.Content\DigitalRune.Graphics.contentproj", "{9BA5031C-BF5F-42A4-8083-F2CCF317AE12}"
EndProject
Project("{FAE04EC0-301F-11D3-BF4B-00C04F79EFBC}") = "DigitalRune.Mathematics.Content.Pipeline(XNA,Win)", "Source\DigitalRune.Mathematics.Content.Pipeline\DigitalRune.Mathematics.Content.Pipeline(XNA,Win).csproj", "{5289A325-E339-4E11-84BF-321ADA51E1DF}"
EndProject
Project("{FAE04EC0-301F-11D3-BF4B-00C04F79EFBC}") = "DigitalRune.Particles(XNA,Win)", "Source\DigitalRune.Particles\DigitalRune.Particles(XNA,Win).csproj", "{8C362669-6670-42D7-B22C-E0930B3242E3}"
EndProject
Project("{FAE04EC0-301F-11D3-BF4B-00C04F79EFBC}") = "DigitalRune.Physics(XNA,Win)", "Source\DigitalRune.Physics\DigitalRune.Physics(XNA,Win).csproj", "{EE780E75-E9EE-4FDC-B797-C0C6CF318D1D}"
EndProject
Project("{FAE04EC0-301F-11D3-BF4B-00C04F79EFBC}") = "DigitalRune.Physics.Specialized(XNA,Win)", "Source\DigitalRune.Physics.Specialized\DigitalRune.Physics.Specialized(XNA,Win).csproj", "{DCDA696F-C4D7-4F54-92DC-B3BD89C11932}"
EndProject
Project("{FAE04EC0-301F-11D3-BF4B-00C04F79EFBC}") = "DigitalRune.Graphics.Content.Pipeline(XNA,Win)", "Source\DigitalRune.Graphics.Content.Pipeline\DigitalRune.Graphics.Content.Pipeline(XNA,Win).csproj", "{B8E4B812-A541-416E-8F77-E78CF059CDD3}"
EndProject
Project("{2150E333-8FDC-42A3-9474-1A3956D46DE8}") = "Samples", "Samples", "{D56D9F8A-F55A-4EBA-817B-81FE7ABDD5FF}"
EndProject
Project("{FAE04EC0-301F-11D3-BF4B-00C04F79EFBC}") = "InteropSample-XNA", "Samples\InteropSample\InteropSample-XNA.csproj", "{3E68079A-CDC4-4604-89C0-9162029A48F9}"
EndProject
Project("{FAE04EC0-301F-11D3-BF4B-00C04F79EFBC}") = "Content-XNA-Reach", "Samples\Content\Content-XNA-Reach.contentproj", "{6A231CE9-74B6-4485-A2A9-BCBAC4A0F5CA}"
EndProject
Project("{FAE04EC0-301F-11D3-BF4B-00C04F79EFBC}") = "Samples.Content.Pipeline-XNA", "Samples\Samples.Content.Pipeline\Samples.Content.Pipeline-XNA.csproj", "{8B9EDD3C-AF88-46BD-83B8-63559C3D269A}"
EndProject
Project("{FAE04EC0-301F-11D3-BF4B-00C04F79EFBC}") = "Samples-XNA-Windows", "Samples\Samples\Platforms\XNA-Windows\Samples-XNA-Windows.csproj", "{80FA149F-949C-4AB6-A1F1-0122C48E100A}"
EndProject
Project("{FAE04EC0-301F-11D3-BF4B-00C04F79EFBC}") = "Content-XNA-HiDef", "Samples\Content\Content-XNA-HiDef.contentproj", "{8BA83B1A-5B69-477B-A6AF-2933A2B7DD8B}"
EndProject
Global
	GlobalSection(SolutionConfigurationPlatforms) = preSolution
		Debug|Any CPU = Debug|Any CPU
		Debug|ARM = Debug|ARM
		Debug|Mixed Platforms = Debug|Mixed Platforms
		Debug|Windows Phone = Debug|Windows Phone
		Debug|x64 = Debug|x64
		Debug|x86 = Debug|x86
		Debug|Xbox 360 = Debug|Xbox 360
		Release|Any CPU = Release|Any CPU
		Release|ARM = Release|ARM
		Release|Mixed Platforms = Release|Mixed Platforms
		Release|Windows Phone = Release|Windows Phone
		Release|x64 = Release|x64
		Release|x86 = Release|x86
		Release|Xbox 360 = Release|Xbox 360
	EndGlobalSection
	GlobalSection(ProjectConfigurationPlatforms) = postSolution
		{5A0E3C60-1CA9-49D5-84CA-308CB8E3A3B4}.Debug|Any CPU.ActiveCfg = Debug|Any CPU
		{5A0E3C60-1CA9-49D5-84CA-308CB8E3A3B4}.Debug|Any CPU.Build.0 = Debug|Any CPU
		{5A0E3C60-1CA9-49D5-84CA-308CB8E3A3B4}.Debug|ARM.ActiveCfg = Debug|Any CPU
		{5A0E3C60-1CA9-49D5-84CA-308CB8E3A3B4}.Debug|ARM.Build.0 = Debug|Any CPU
		{5A0E3C60-1CA9-49D5-84CA-308CB8E3A3B4}.Debug|Mixed Platforms.ActiveCfg = Debug|Any CPU
		{5A0E3C60-1CA9-49D5-84CA-308CB8E3A3B4}.Debug|Mixed Platforms.Build.0 = Debug|Any CPU
		{5A0E3C60-1CA9-49D5-84CA-308CB8E3A3B4}.Debug|Windows Phone.ActiveCfg = Debug|Any CPU
		{5A0E3C60-1CA9-49D5-84CA-308CB8E3A3B4}.Debug|Windows Phone.Build.0 = Debug|Any CPU
		{5A0E3C60-1CA9-49D5-84CA-308CB8E3A3B4}.Debug|x64.ActiveCfg = Debug|Any CPU
		{5A0E3C60-1CA9-49D5-84CA-308CB8E3A3B4}.Debug|x64.Build.0 = Debug|Any CPU
		{5A0E3C60-1CA9-49D5-84CA-308CB8E3A3B4}.Debug|x86.ActiveCfg = Debug|Any CPU
		{5A0E3C60-1CA9-49D5-84CA-308CB8E3A3B4}.Debug|x86.Build.0 = Debug|Any CPU
		{5A0E3C60-1CA9-49D5-84CA-308CB8E3A3B4}.Debug|Xbox 360.ActiveCfg = Debug|Any CPU
		{5A0E3C60-1CA9-49D5-84CA-308CB8E3A3B4}.Debug|Xbox 360.Build.0 = Debug|Any CPU
		{5A0E3C60-1CA9-49D5-84CA-308CB8E3A3B4}.Release|Any CPU.ActiveCfg = Release|Any CPU
		{5A0E3C60-1CA9-49D5-84CA-308CB8E3A3B4}.Release|Any CPU.Build.0 = Release|Any CPU
		{5A0E3C60-1CA9-49D5-84CA-308CB8E3A3B4}.Release|ARM.ActiveCfg = Release|Any CPU
		{5A0E3C60-1CA9-49D5-84CA-308CB8E3A3B4}.Release|ARM.Build.0 = Release|Any CPU
		{5A0E3C60-1CA9-49D5-84CA-308CB8E3A3B4}.Release|Mixed Platforms.ActiveCfg = Release|Any CPU
		{5A0E3C60-1CA9-49D5-84CA-308CB8E3A3B4}.Release|Mixed Platforms.Build.0 = Release|Any CPU
		{5A0E3C60-1CA9-49D5-84CA-308CB8E3A3B4}.Release|Windows Phone.ActiveCfg = Release|Any CPU
		{5A0E3C60-1CA9-49D5-84CA-308CB8E3A3B4}.Release|Windows Phone.Build.0 = Release|Any CPU
		{5A0E3C60-1CA9-49D5-84CA-308CB8E3A3B4}.Release|x64.ActiveCfg = Release|Any CPU
		{5A0E3C60-1CA9-49D5-84CA-308CB8E3A3B4}.Release|x64.Build.0 = Release|Any CPU
		{5A0E3C60-1CA9-49D5-84CA-308CB8E3A3B4}.Release|x86.ActiveCfg = Release|Any CPU
		{5A0E3C60-1CA9-49D5-84CA-308CB8E3A3B4}.Release|x86.Build.0 = Release|Any CPU
		{5A0E3C60-1CA9-49D5-84CA-308CB8E3A3B4}.Release|Xbox 360.ActiveCfg = Release|Any CPU
		{5A0E3C60-1CA9-49D5-84CA-308CB8E3A3B4}.Release|Xbox 360.Build.0 = Release|Any CPU
		{05D82E85-901A-42CE-8D0A-DAF8B7F0168B}.Debug|Any CPU.ActiveCfg = Debug|Any CPU
		{05D82E85-901A-42CE-8D0A-DAF8B7F0168B}.Debug|Any CPU.Build.0 = Debug|Any CPU
		{05D82E85-901A-42CE-8D0A-DAF8B7F0168B}.Debug|ARM.ActiveCfg = Debug|Any CPU
		{05D82E85-901A-42CE-8D0A-DAF8B7F0168B}.Debug|ARM.Build.0 = Debug|Any CPU
		{05D82E85-901A-42CE-8D0A-DAF8B7F0168B}.Debug|Mixed Platforms.ActiveCfg = Debug|Any CPU
		{05D82E85-901A-42CE-8D0A-DAF8B7F0168B}.Debug|Mixed Platforms.Build.0 = Debug|Any CPU
		{05D82E85-901A-42CE-8D0A-DAF8B7F0168B}.Debug|Windows Phone.ActiveCfg = Debug|Any CPU
		{05D82E85-901A-42CE-8D0A-DAF8B7F0168B}.Debug|Windows Phone.Build.0 = Debug|Any CPU
		{05D82E85-901A-42CE-8D0A-DAF8B7F0168B}.Debug|x64.ActiveCfg = Debug|Any CPU
		{05D82E85-901A-42CE-8D0A-DAF8B7F0168B}.Debug|x64.Build.0 = Debug|Any CPU
		{05D82E85-901A-42CE-8D0A-DAF8B7F0168B}.Debug|x86.ActiveCfg = Debug|Any CPU
		{05D82E85-901A-42CE-8D0A-DAF8B7F0168B}.Debug|x86.Build.0 = Debug|Any CPU
		{05D82E85-901A-42CE-8D0A-DAF8B7F0168B}.Debug|Xbox 360.ActiveCfg = Debug|Any CPU
		{05D82E85-901A-42CE-8D0A-DAF8B7F0168B}.Debug|Xbox 360.Build.0 = Debug|Any CPU
		{05D82E85-901A-42CE-8D0A-DAF8B7F0168B}.Release|Any CPU.ActiveCfg = Release|Any CPU
		{05D82E85-901A-42CE-8D0A-DAF8B7F0168B}.Release|Any CPU.Build.0 = Release|Any CPU
		{05D82E85-901A-42CE-8D0A-DAF8B7F0168B}.Release|ARM.ActiveCfg = Release|Any CPU
		{05D82E85-901A-42CE-8D0A-DAF8B7F0168B}.Release|ARM.Build.0 = Release|Any CPU
		{05D82E85-901A-42CE-8D0A-DAF8B7F0168B}.Release|Mixed Platforms.ActiveCfg = Release|Any CPU
		{05D82E85-901A-42CE-8D0A-DAF8B7F0168B}.Release|Mixed Platforms.Build.0 = Release|Any CPU
		{05D82E85-901A-42CE-8D0A-DAF8B7F0168B}.Release|Windows Phone.ActiveCfg = Release|Any CPU
		{05D82E85-901A-42CE-8D0A-DAF8B7F0168B}.Release|Windows Phone.Build.0 = Release|Any CPU
		{05D82E85-901A-42CE-8D0A-DAF8B7F0168B}.Release|x64.ActiveCfg = Release|Any CPU
		{05D82E85-901A-42CE-8D0A-DAF8B7F0168B}.Release|x64.Build.0 = Release|Any CPU
		{05D82E85-901A-42CE-8D0A-DAF8B7F0168B}.Release|x86.ActiveCfg = Release|Any CPU
		{05D82E85-901A-42CE-8D0A-DAF8B7F0168B}.Release|x86.Build.0 = Release|Any CPU
		{05D82E85-901A-42CE-8D0A-DAF8B7F0168B}.Release|Xbox 360.ActiveCfg = Release|Any CPU
		{05D82E85-901A-42CE-8D0A-DAF8B7F0168B}.Release|Xbox 360.Build.0 = Release|Any CPU
		{4A84FCAF-BDD3-403E-A409-346D8B36564B}.Debug|Any CPU.ActiveCfg = Debug|Any CPU
		{4A84FCAF-BDD3-403E-A409-346D8B36564B}.Debug|Any CPU.Build.0 = Debug|Any CPU
		{4A84FCAF-BDD3-403E-A409-346D8B36564B}.Debug|ARM.ActiveCfg = Debug|Any CPU
		{4A84FCAF-BDD3-403E-A409-346D8B36564B}.Debug|ARM.Build.0 = Debug|Any CPU
		{4A84FCAF-BDD3-403E-A409-346D8B36564B}.Debug|Mixed Platforms.ActiveCfg = Debug|Any CPU
		{4A84FCAF-BDD3-403E-A409-346D8B36564B}.Debug|Mixed Platforms.Build.0 = Debug|Any CPU
		{4A84FCAF-BDD3-403E-A409-346D8B36564B}.Debug|Windows Phone.ActiveCfg = Debug|Any CPU
		{4A84FCAF-BDD3-403E-A409-346D8B36564B}.Debug|Windows Phone.Build.0 = Debug|Any CPU
		{4A84FCAF-BDD3-403E-A409-346D8B36564B}.Debug|x64.ActiveCfg = Debug|Any CPU
		{4A84FCAF-BDD3-403E-A409-346D8B36564B}.Debug|x64.Build.0 = Debug|Any CPU
		{4A84FCAF-BDD3-403E-A409-346D8B36564B}.Debug|x86.ActiveCfg = Debug|Any CPU
		{4A84FCAF-BDD3-403E-A409-346D8B36564B}.Debug|x86.Build.0 = Debug|Any CPU
		{4A84FCAF-BDD3-403E-A409-346D8B36564B}.Debug|Xbox 360.ActiveCfg = Debug|Any CPU
		{4A84FCAF-BDD3-403E-A409-346D8B36564B}.Debug|Xbox 360.Build.0 = Debug|Any CPU
		{4A84FCAF-BDD3-403E-A409-346D8B36564B}.Release|Any CPU.ActiveCfg = Release|Any CPU
		{4A84FCAF-BDD3-403E-A409-346D8B36564B}.Release|Any CPU.Build.0 = Release|Any CPU
		{4A84FCAF-BDD3-403E-A409-346D8B36564B}.Release|ARM.ActiveCfg = Release|Any CPU
		{4A84FCAF-BDD3-403E-A409-346D8B36564B}.Release|ARM.Build.0 = Release|Any CPU
		{4A84FCAF-BDD3-403E-A409-346D8B36564B}.Release|Mixed Platforms.ActiveCfg = Release|Any CPU
		{4A84FCAF-BDD3-403E-A409-346D8B36564B}.Release|Mixed Platforms.Build.0 = Release|Any CPU
		{4A84FCAF-BDD3-403E-A409-346D8B36564B}.Release|Windows Phone.ActiveCfg = Release|Any CPU
		{4A84FCAF-BDD3-403E-A409-346D8B36564B}.Release|Windows Phone.Build.0 = Release|Any CPU
		{4A84FCAF-BDD3-403E-A409-346D8B36564B}.Release|x64.ActiveCfg = Release|Any CPU
		{4A84FCAF-BDD3-403E-A409-346D8B36564B}.Release|x64.Build.0 = Release|Any CPU
		{4A84FCAF-BDD3-403E-A409-346D8B36564B}.Release|x86.ActiveCfg = Release|Any CPU
		{4A84FCAF-BDD3-403E-A409-346D8B36564B}.Release|x86.Build.0 = Release|Any CPU
		{4A84FCAF-BDD3-403E-A409-346D8B36564B}.Release|Xbox 360.ActiveCfg = Release|Any CPU
		{4A84FCAF-BDD3-403E-A409-346D8B36564B}.Release|Xbox 360.Build.0 = Release|Any CPU
		{8D76487A-0B6F-4517-85B0-2762AE1B4E1A}.Debug|Any CPU.ActiveCfg = Debug|Any CPU
		{8D76487A-0B6F-4517-85B0-2762AE1B4E1A}.Debug|Any CPU.Build.0 = Debug|Any CPU
		{8D76487A-0B6F-4517-85B0-2762AE1B4E1A}.Debug|ARM.ActiveCfg = Debug|Any CPU
		{8D76487A-0B6F-4517-85B0-2762AE1B4E1A}.Debug|ARM.Build.0 = Debug|Any CPU
		{8D76487A-0B6F-4517-85B0-2762AE1B4E1A}.Debug|Mixed Platforms.ActiveCfg = Debug|Any CPU
		{8D76487A-0B6F-4517-85B0-2762AE1B4E1A}.Debug|Mixed Platforms.Build.0 = Debug|Any CPU
		{8D76487A-0B6F-4517-85B0-2762AE1B4E1A}.Debug|Windows Phone.ActiveCfg = Debug|Any CPU
		{8D76487A-0B6F-4517-85B0-2762AE1B4E1A}.Debug|Windows Phone.Build.0 = Debug|Any CPU
		{8D76487A-0B6F-4517-85B0-2762AE1B4E1A}.Debug|x64.ActiveCfg = Debug|Any CPU
		{8D76487A-0B6F-4517-85B0-2762AE1B4E1A}.Debug|x64.Build.0 = Debug|Any CPU
		{8D76487A-0B6F-4517-85B0-2762AE1B4E1A}.Debug|x86.ActiveCfg = Debug|Any CPU
		{8D76487A-0B6F-4517-85B0-2762AE1B4E1A}.Debug|x86.Build.0 = Debug|Any CPU
		{8D76487A-0B6F-4517-85B0-2762AE1B4E1A}.Debug|Xbox 360.ActiveCfg = Debug|Any CPU
		{8D76487A-0B6F-4517-85B0-2762AE1B4E1A}.Debug|Xbox 360.Build.0 = Debug|Any CPU
		{8D76487A-0B6F-4517-85B0-2762AE1B4E1A}.Release|Any CPU.ActiveCfg = Release|Any CPU
		{8D76487A-0B6F-4517-85B0-2762AE1B4E1A}.Release|Any CPU.Build.0 = Release|Any CPU
		{8D76487A-0B6F-4517-85B0-2762AE1B4E1A}.Release|ARM.ActiveCfg = Release|Any CPU
		{8D76487A-0B6F-4517-85B0-2762AE1B4E1A}.Release|ARM.Build.0 = Release|Any CPU
		{8D76487A-0B6F-4517-85B0-2762AE1B4E1A}.Release|Mixed Platforms.ActiveCfg = Release|Any CPU
		{8D76487A-0B6F-4517-85B0-2762AE1B4E1A}.Release|Mixed Platforms.Build.0 = Release|Any CPU
		{8D76487A-0B6F-4517-85B0-2762AE1B4E1A}.Release|Windows Phone.ActiveCfg = Release|Any CPU
		{8D76487A-0B6F-4517-85B0-2762AE1B4E1A}.Release|Windows Phone.Build.0 = Release|Any CPU
		{8D76487A-0B6F-4517-85B0-2762AE1B4E1A}.Release|x64.ActiveCfg = Release|Any CPU
		{8D76487A-0B6F-4517-85B0-2762AE1B4E1A}.Release|x64.Build.0 = Release|Any CPU
		{8D76487A-0B6F-4517-85B0-2762AE1B4E1A}.Release|x86.ActiveCfg = Release|Any CPU
		{8D76487A-0B6F-4517-85B0-2762AE1B4E1A}.Release|x86.Build.0 = Release|Any CPU
		{8D76487A-0B6F-4517-85B0-2762AE1B4E1A}.Release|Xbox 360.ActiveCfg = Release|Any CPU
		{8D76487A-0B6F-4517-85B0-2762AE1B4E1A}.Release|Xbox 360.Build.0 = Release|Any CPU
		{F9BE9DF7-F990-438E-A421-C0BDC48098F8}.Debug|Any CPU.ActiveCfg = Debug|x86
		{F9BE9DF7-F990-438E-A421-C0BDC48098F8}.Debug|ARM.ActiveCfg = Debug|x86
		{F9BE9DF7-F990-438E-A421-C0BDC48098F8}.Debug|Mixed Platforms.ActiveCfg = Debug|x86
		{F9BE9DF7-F990-438E-A421-C0BDC48098F8}.Debug|Mixed Platforms.Build.0 = Debug|x86
		{F9BE9DF7-F990-438E-A421-C0BDC48098F8}.Debug|Windows Phone.ActiveCfg = Debug|x86
		{F9BE9DF7-F990-438E-A421-C0BDC48098F8}.Debug|Windows Phone.Build.0 = Debug|x86
		{F9BE9DF7-F990-438E-A421-C0BDC48098F8}.Debug|x64.ActiveCfg = Debug|x86
		{F9BE9DF7-F990-438E-A421-C0BDC48098F8}.Debug|x86.ActiveCfg = Debug|x86
		{F9BE9DF7-F990-438E-A421-C0BDC48098F8}.Debug|x86.Build.0 = Debug|x86
		{F9BE9DF7-F990-438E-A421-C0BDC48098F8}.Debug|Xbox 360.ActiveCfg = Debug|x86
		{F9BE9DF7-F990-438E-A421-C0BDC48098F8}.Debug|Xbox 360.Build.0 = Debug|x86
		{F9BE9DF7-F990-438E-A421-C0BDC48098F8}.Release|Any CPU.ActiveCfg = Release|x86
		{F9BE9DF7-F990-438E-A421-C0BDC48098F8}.Release|ARM.ActiveCfg = Release|x86
		{F9BE9DF7-F990-438E-A421-C0BDC48098F8}.Release|Mixed Platforms.ActiveCfg = Release|x86
		{F9BE9DF7-F990-438E-A421-C0BDC48098F8}.Release|Mixed Platforms.Build.0 = Release|x86
		{F9BE9DF7-F990-438E-A421-C0BDC48098F8}.Release|Windows Phone.ActiveCfg = Release|x86
		{F9BE9DF7-F990-438E-A421-C0BDC48098F8}.Release|Windows Phone.Build.0 = Release|x86
		{F9BE9DF7-F990-438E-A421-C0BDC48098F8}.Release|x64.ActiveCfg = Release|x86
		{F9BE9DF7-F990-438E-A421-C0BDC48098F8}.Release|x86.ActiveCfg = Release|x86
		{F9BE9DF7-F990-438E-A421-C0BDC48098F8}.Release|x86.Build.0 = Release|x86
		{F9BE9DF7-F990-438E-A421-C0BDC48098F8}.Release|Xbox 360.ActiveCfg = Release|x86
		{F9BE9DF7-F990-438E-A421-C0BDC48098F8}.Release|Xbox 360.Build.0 = Release|x86
		{5A02E74E-EF4A-405A-89F2-77A76E9767DD}.Debug|Any CPU.ActiveCfg = Debug|x86
		{5A02E74E-EF4A-405A-89F2-77A76E9767DD}.Debug|Any CPU.Build.0 = Debug|x86
		{5A02E74E-EF4A-405A-89F2-77A76E9767DD}.Debug|ARM.ActiveCfg = Debug|x86
		{5A02E74E-EF4A-405A-89F2-77A76E9767DD}.Debug|ARM.Build.0 = Debug|x86
		{5A02E74E-EF4A-405A-89F2-77A76E9767DD}.Debug|Mixed Platforms.ActiveCfg = Debug|x86
		{5A02E74E-EF4A-405A-89F2-77A76E9767DD}.Debug|Mixed Platforms.Build.0 = Debug|x86
		{5A02E74E-EF4A-405A-89F2-77A76E9767DD}.Debug|Windows Phone.ActiveCfg = Debug|x86
		{5A02E74E-EF4A-405A-89F2-77A76E9767DD}.Debug|Windows Phone.Build.0 = Debug|x86
		{5A02E74E-EF4A-405A-89F2-77A76E9767DD}.Debug|x64.ActiveCfg = Debug|x86
		{5A02E74E-EF4A-405A-89F2-77A76E9767DD}.Debug|x64.Build.0 = Debug|x86
		{5A02E74E-EF4A-405A-89F2-77A76E9767DD}.Debug|x86.ActiveCfg = Debug|x86
		{5A02E74E-EF4A-405A-89F2-77A76E9767DD}.Debug|x86.Build.0 = Debug|x86
		{5A02E74E-EF4A-405A-89F2-77A76E9767DD}.Debug|Xbox 360.ActiveCfg = Debug|x86
		{5A02E74E-EF4A-405A-89F2-77A76E9767DD}.Debug|Xbox 360.Build.0 = Debug|x86
		{5A02E74E-EF4A-405A-89F2-77A76E9767DD}.Release|Any CPU.ActiveCfg = Release|x86
		{5A02E74E-EF4A-405A-89F2-77A76E9767DD}.Release|Any CPU.Build.0 = Release|x86
		{5A02E74E-EF4A-405A-89F2-77A76E9767DD}.Release|ARM.ActiveCfg = Release|x86
		{5A02E74E-EF4A-405A-89F2-77A76E9767DD}.Release|ARM.Build.0 = Release|x86
		{5A02E74E-EF4A-405A-89F2-77A76E9767DD}.Release|Mixed Platforms.ActiveCfg = Release|x86
		{5A02E74E-EF4A-405A-89F2-77A76E9767DD}.Release|Mixed Platforms.Build.0 = Release|x86
		{5A02E74E-EF4A-405A-89F2-77A76E9767DD}.Release|Windows Phone.ActiveCfg = Release|x86
		{5A02E74E-EF4A-405A-89F2-77A76E9767DD}.Release|Windows Phone.Build.0 = Release|x86
		{5A02E74E-EF4A-405A-89F2-77A76E9767DD}.Release|x64.ActiveCfg = Release|x86
		{5A02E74E-EF4A-405A-89F2-77A76E9767DD}.Release|x64.Build.0 = Release|x86
		{5A02E74E-EF4A-405A-89F2-77A76E9767DD}.Release|x86.ActiveCfg = Release|x86
		{5A02E74E-EF4A-405A-89F2-77A76E9767DD}.Release|x86.Build.0 = Release|x86
		{5A02E74E-EF4A-405A-89F2-77A76E9767DD}.Release|Xbox 360.ActiveCfg = Release|x86
		{5A02E74E-EF4A-405A-89F2-77A76E9767DD}.Release|Xbox 360.Build.0 = Release|x86
		{716F2448-5602-451E-B1A8-1E1C46DD4A0E}.Debug|Any CPU.ActiveCfg = Debug|x86
		{716F2448-5602-451E-B1A8-1E1C46DD4A0E}.Debug|ARM.ActiveCfg = Debug|x86
		{716F2448-5602-451E-B1A8-1E1C46DD4A0E}.Debug|Mixed Platforms.ActiveCfg = Debug|x86
		{716F2448-5602-451E-B1A8-1E1C46DD4A0E}.Debug|Mixed Platforms.Build.0 = Debug|x86
		{716F2448-5602-451E-B1A8-1E1C46DD4A0E}.Debug|Windows Phone.ActiveCfg = Debug|x86
		{716F2448-5602-451E-B1A8-1E1C46DD4A0E}.Debug|x64.ActiveCfg = Debug|x86
		{716F2448-5602-451E-B1A8-1E1C46DD4A0E}.Debug|x86.ActiveCfg = Debug|x86
		{716F2448-5602-451E-B1A8-1E1C46DD4A0E}.Debug|x86.Build.0 = Debug|x86
		{716F2448-5602-451E-B1A8-1E1C46DD4A0E}.Debug|Xbox 360.ActiveCfg = Debug|x86
		{716F2448-5602-451E-B1A8-1E1C46DD4A0E}.Release|Any CPU.ActiveCfg = Release|x86
		{716F2448-5602-451E-B1A8-1E1C46DD4A0E}.Release|ARM.ActiveCfg = Release|x86
		{716F2448-5602-451E-B1A8-1E1C46DD4A0E}.Release|Mixed Platforms.ActiveCfg = Release|x86
		{716F2448-5602-451E-B1A8-1E1C46DD4A0E}.Release|Mixed Platforms.Build.0 = Release|x86
		{716F2448-5602-451E-B1A8-1E1C46DD4A0E}.Release|Windows Phone.ActiveCfg = Release|x86
		{716F2448-5602-451E-B1A8-1E1C46DD4A0E}.Release|x64.ActiveCfg = Release|x86
		{716F2448-5602-451E-B1A8-1E1C46DD4A0E}.Release|x86.ActiveCfg = Release|x86
		{716F2448-5602-451E-B1A8-1E1C46DD4A0E}.Release|x86.Build.0 = Release|x86
		{716F2448-5602-451E-B1A8-1E1C46DD4A0E}.Release|Xbox 360.ActiveCfg = Release|x86
		{8ADF4A57-4257-47B7-A2C3-3BA700613DB0}.Debug|Any CPU.ActiveCfg = Debug|x86
		{8ADF4A57-4257-47B7-A2C3-3BA700613DB0}.Debug|ARM.ActiveCfg = Debug|x86
		{8ADF4A57-4257-47B7-A2C3-3BA700613DB0}.Debug|Mixed Platforms.ActiveCfg = Debug|x86
		{8ADF4A57-4257-47B7-A2C3-3BA700613DB0}.Debug|Mixed Platforms.Build.0 = Debug|x86
		{8ADF4A57-4257-47B7-A2C3-3BA700613DB0}.Debug|Windows Phone.ActiveCfg = Debug|x86
		{8ADF4A57-4257-47B7-A2C3-3BA700613DB0}.Debug|x64.ActiveCfg = Debug|x86
		{8ADF4A57-4257-47B7-A2C3-3BA700613DB0}.Debug|x86.ActiveCfg = Debug|x86
		{8ADF4A57-4257-47B7-A2C3-3BA700613DB0}.Debug|x86.Build.0 = Debug|x86
		{8ADF4A57-4257-47B7-A2C3-3BA700613DB0}.Debug|Xbox 360.ActiveCfg = Debug|x86
		{8ADF4A57-4257-47B7-A2C3-3BA700613DB0}.Release|Any CPU.ActiveCfg = Release|x86
		{8ADF4A57-4257-47B7-A2C3-3BA700613DB0}.Release|ARM.ActiveCfg = Release|x86
		{8ADF4A57-4257-47B7-A2C3-3BA700613DB0}.Release|Mixed Platforms.ActiveCfg = Release|x86
		{8ADF4A57-4257-47B7-A2C3-3BA700613DB0}.Release|Mixed Platforms.Build.0 = Release|x86
		{8ADF4A57-4257-47B7-A2C3-3BA700613DB0}.Release|Windows Phone.ActiveCfg = Release|x86
		{8ADF4A57-4257-47B7-A2C3-3BA700613DB0}.Release|x64.ActiveCfg = Release|x86
		{8ADF4A57-4257-47B7-A2C3-3BA700613DB0}.Release|x86.ActiveCfg = Release|x86
		{8ADF4A57-4257-47B7-A2C3-3BA700613DB0}.Release|x86.Build.0 = Release|x86
		{8ADF4A57-4257-47B7-A2C3-3BA700613DB0}.Release|Xbox 360.ActiveCfg = Release|x86
		{E87B98FA-35CF-4A48-904A-0CB1A87A6D5D}.Debug|Any CPU.ActiveCfg = Debug|x86
		{E87B98FA-35CF-4A48-904A-0CB1A87A6D5D}.Debug|Any CPU.Build.0 = Debug|x86
		{E87B98FA-35CF-4A48-904A-0CB1A87A6D5D}.Debug|ARM.ActiveCfg = Debug|x86
		{E87B98FA-35CF-4A48-904A-0CB1A87A6D5D}.Debug|ARM.Build.0 = Debug|x86
		{E87B98FA-35CF-4A48-904A-0CB1A87A6D5D}.Debug|Mixed Platforms.ActiveCfg = Debug|x86
		{E87B98FA-35CF-4A48-904A-0CB1A87A6D5D}.Debug|Mixed Platforms.Build.0 = Debug|x86
		{E87B98FA-35CF-4A48-904A-0CB1A87A6D5D}.Debug|Windows Phone.ActiveCfg = Debug|x86
		{E87B98FA-35CF-4A48-904A-0CB1A87A6D5D}.Debug|Windows Phone.Build.0 = Debug|x86
		{E87B98FA-35CF-4A48-904A-0CB1A87A6D5D}.Debug|x64.ActiveCfg = Debug|x86
		{E87B98FA-35CF-4A48-904A-0CB1A87A6D5D}.Debug|x64.Build.0 = Debug|x86
		{E87B98FA-35CF-4A48-904A-0CB1A87A6D5D}.Debug|x86.ActiveCfg = Debug|x86
		{E87B98FA-35CF-4A48-904A-0CB1A87A6D5D}.Debug|x86.Build.0 = Debug|x86
		{E87B98FA-35CF-4A48-904A-0CB1A87A6D5D}.Debug|Xbox 360.ActiveCfg = Debug|x86
		{E87B98FA-35CF-4A48-904A-0CB1A87A6D5D}.Debug|Xbox 360.Build.0 = Debug|x86
		{E87B98FA-35CF-4A48-904A-0CB1A87A6D5D}.Release|Any CPU.ActiveCfg = Release|x86
		{E87B98FA-35CF-4A48-904A-0CB1A87A6D5D}.Release|Any CPU.Build.0 = Release|x86
		{E87B98FA-35CF-4A48-904A-0CB1A87A6D5D}.Release|ARM.ActiveCfg = Release|x86
		{E87B98FA-35CF-4A48-904A-0CB1A87A6D5D}.Release|ARM.Build.0 = Release|x86
		{E87B98FA-35CF-4A48-904A-0CB1A87A6D5D}.Release|Mixed Platforms.ActiveCfg = Release|x86
		{E87B98FA-35CF-4A48-904A-0CB1A87A6D5D}.Release|Mixed Platforms.Build.0 = Release|x86
		{E87B98FA-35CF-4A48-904A-0CB1A87A6D5D}.Release|Windows Phone.ActiveCfg = Release|x86
		{E87B98FA-35CF-4A48-904A-0CB1A87A6D5D}.Release|Windows Phone.Build.0 = Release|x86
		{E87B98FA-35CF-4A48-904A-0CB1A87A6D5D}.Release|x64.ActiveCfg = Release|x86
		{E87B98FA-35CF-4A48-904A-0CB1A87A6D5D}.Release|x64.Build.0 = Release|x86
		{E87B98FA-35CF-4A48-904A-0CB1A87A6D5D}.Release|x86.ActiveCfg = Release|x86
		{E87B98FA-35CF-4A48-904A-0CB1A87A6D5D}.Release|x86.Build.0 = Release|x86
		{E87B98FA-35CF-4A48-904A-0CB1A87A6D5D}.Release|Xbox 360.ActiveCfg = Release|x86
		{E87B98FA-35CF-4A48-904A-0CB1A87A6D5D}.Release|Xbox 360.Build.0 = Release|x86
		{630154B1-627E-4890-94D7-6C7C6C0F9420}.Debug|Any CPU.ActiveCfg = Debug|x86
		{630154B1-627E-4890-94D7-6C7C6C0F9420}.Debug|ARM.ActiveCfg = Debug|x86
		{630154B1-627E-4890-94D7-6C7C6C0F9420}.Debug|Mixed Platforms.ActiveCfg = Debug|x86
		{630154B1-627E-4890-94D7-6C7C6C0F9420}.Debug|Mixed Platforms.Build.0 = Debug|x86
		{630154B1-627E-4890-94D7-6C7C6C0F9420}.Debug|Windows Phone.ActiveCfg = Debug|x86
		{630154B1-627E-4890-94D7-6C7C6C0F9420}.Debug|Windows Phone.Build.0 = Debug|x86
		{630154B1-627E-4890-94D7-6C7C6C0F9420}.Debug|x64.ActiveCfg = Debug|x86
		{630154B1-627E-4890-94D7-6C7C6C0F9420}.Debug|x86.ActiveCfg = Debug|x86
		{630154B1-627E-4890-94D7-6C7C6C0F9420}.Debug|x86.Build.0 = Debug|x86
		{630154B1-627E-4890-94D7-6C7C6C0F9420}.Debug|Xbox 360.ActiveCfg = Debug|x86
		{630154B1-627E-4890-94D7-6C7C6C0F9420}.Debug|Xbox 360.Build.0 = Debug|x86
		{630154B1-627E-4890-94D7-6C7C6C0F9420}.Release|Any CPU.ActiveCfg = Release|x86
		{630154B1-627E-4890-94D7-6C7C6C0F9420}.Release|ARM.ActiveCfg = Release|x86
		{630154B1-627E-4890-94D7-6C7C6C0F9420}.Release|Mixed Platforms.ActiveCfg = Release|x86
		{630154B1-627E-4890-94D7-6C7C6C0F9420}.Release|Mixed Platforms.Build.0 = Release|x86
		{630154B1-627E-4890-94D7-6C7C6C0F9420}.Release|Windows Phone.ActiveCfg = Release|x86
		{630154B1-627E-4890-94D7-6C7C6C0F9420}.Release|Windows Phone.Build.0 = Release|x86
		{630154B1-627E-4890-94D7-6C7C6C0F9420}.Release|x64.ActiveCfg = Release|x86
		{630154B1-627E-4890-94D7-6C7C6C0F9420}.Release|x86.ActiveCfg = Release|x86
		{630154B1-627E-4890-94D7-6C7C6C0F9420}.Release|x86.Build.0 = Release|x86
		{630154B1-627E-4890-94D7-6C7C6C0F9420}.Release|Xbox 360.ActiveCfg = Release|x86
		{630154B1-627E-4890-94D7-6C7C6C0F9420}.Release|Xbox 360.Build.0 = Release|x86
		{3EBC3967-7562-463E-A636-78C5EDB94C06}.Debug|Any CPU.ActiveCfg = Debug|x86
		{3EBC3967-7562-463E-A636-78C5EDB94C06}.Debug|Any CPU.Build.0 = Debug|x86
		{3EBC3967-7562-463E-A636-78C5EDB94C06}.Debug|ARM.ActiveCfg = Debug|x86
		{3EBC3967-7562-463E-A636-78C5EDB94C06}.Debug|ARM.Build.0 = Debug|x86
		{3EBC3967-7562-463E-A636-78C5EDB94C06}.Debug|Mixed Platforms.ActiveCfg = Debug|x86
		{3EBC3967-7562-463E-A636-78C5EDB94C06}.Debug|Mixed Platforms.Build.0 = Debug|x86
		{3EBC3967-7562-463E-A636-78C5EDB94C06}.Debug|Windows Phone.ActiveCfg = Debug|x86
		{3EBC3967-7562-463E-A636-78C5EDB94C06}.Debug|Windows Phone.Build.0 = Debug|x86
		{3EBC3967-7562-463E-A636-78C5EDB94C06}.Debug|x64.ActiveCfg = Debug|x86
		{3EBC3967-7562-463E-A636-78C5EDB94C06}.Debug|x64.Build.0 = Debug|x86
		{3EBC3967-7562-463E-A636-78C5EDB94C06}.Debug|x86.ActiveCfg = Debug|x86
		{3EBC3967-7562-463E-A636-78C5EDB94C06}.Debug|x86.Build.0 = Debug|x86
		{3EBC3967-7562-463E-A636-78C5EDB94C06}.Debug|Xbox 360.ActiveCfg = Debug|x86
		{3EBC3967-7562-463E-A636-78C5EDB94C06}.Debug|Xbox 360.Build.0 = Debug|x86
		{3EBC3967-7562-463E-A636-78C5EDB94C06}.Release|Any CPU.ActiveCfg = Release|x86
		{3EBC3967-7562-463E-A636-78C5EDB94C06}.Release|Any CPU.Build.0 = Release|x86
		{3EBC3967-7562-463E-A636-78C5EDB94C06}.Release|ARM.ActiveCfg = Release|x86
		{3EBC3967-7562-463E-A636-78C5EDB94C06}.Release|ARM.Build.0 = Release|x86
		{3EBC3967-7562-463E-A636-78C5EDB94C06}.Release|Mixed Platforms.ActiveCfg = Release|x86
		{3EBC3967-7562-463E-A636-78C5EDB94C06}.Release|Mixed Platforms.Build.0 = Release|x86
		{3EBC3967-7562-463E-A636-78C5EDB94C06}.Release|Windows Phone.ActiveCfg = Release|x86
		{3EBC3967-7562-463E-A636-78C5EDB94C06}.Release|Windows Phone.Build.0 = Release|x86
		{3EBC3967-7562-463E-A636-78C5EDB94C06}.Release|x64.ActiveCfg = Release|x86
		{3EBC3967-7562-463E-A636-78C5EDB94C06}.Release|x64.Build.0 = Release|x86
		{3EBC3967-7562-463E-A636-78C5EDB94C06}.Release|x86.ActiveCfg = Release|x86
		{3EBC3967-7562-463E-A636-78C5EDB94C06}.Release|x86.Build.0 = Release|x86
		{3EBC3967-7562-463E-A636-78C5EDB94C06}.Release|Xbox 360.ActiveCfg = Release|x86
		{3EBC3967-7562-463E-A636-78C5EDB94C06}.Release|Xbox 360.Build.0 = Release|x86
		{9508E261-5AC5-4EB7-97F9-BC4FF6717708}.Debug|Any CPU.ActiveCfg = Debug|x86
		{9508E261-5AC5-4EB7-97F9-BC4FF6717708}.Debug|ARM.ActiveCfg = Debug|x86
		{9508E261-5AC5-4EB7-97F9-BC4FF6717708}.Debug|Mixed Platforms.ActiveCfg = Debug|x86
		{9508E261-5AC5-4EB7-97F9-BC4FF6717708}.Debug|Mixed Platforms.Build.0 = Debug|x86
		{9508E261-5AC5-4EB7-97F9-BC4FF6717708}.Debug|Windows Phone.ActiveCfg = Debug|x86
		{9508E261-5AC5-4EB7-97F9-BC4FF6717708}.Debug|Windows Phone.Build.0 = Debug|x86
		{9508E261-5AC5-4EB7-97F9-BC4FF6717708}.Debug|x64.ActiveCfg = Debug|x86
		{9508E261-5AC5-4EB7-97F9-BC4FF6717708}.Debug|x86.ActiveCfg = Debug|x86
		{9508E261-5AC5-4EB7-97F9-BC4FF6717708}.Debug|x86.Build.0 = Debug|x86
		{9508E261-5AC5-4EB7-97F9-BC4FF6717708}.Debug|Xbox 360.ActiveCfg = Debug|x86
		{9508E261-5AC5-4EB7-97F9-BC4FF6717708}.Debug|Xbox 360.Build.0 = Debug|x86
		{9508E261-5AC5-4EB7-97F9-BC4FF6717708}.Release|Any CPU.ActiveCfg = Release|x86
		{9508E261-5AC5-4EB7-97F9-BC4FF6717708}.Release|ARM.ActiveCfg = Release|x86
		{9508E261-5AC5-4EB7-97F9-BC4FF6717708}.Release|Mixed Platforms.ActiveCfg = Release|x86
		{9508E261-5AC5-4EB7-97F9-BC4FF6717708}.Release|Mixed Platforms.Build.0 = Release|x86
		{9508E261-5AC5-4EB7-97F9-BC4FF6717708}.Release|Windows Phone.ActiveCfg = Release|x86
		{9508E261-5AC5-4EB7-97F9-BC4FF6717708}.Release|Windows Phone.Build.0 = Release|x86
		{9508E261-5AC5-4EB7-97F9-BC4FF6717708}.Release|x64.ActiveCfg = Release|x86
		{9508E261-5AC5-4EB7-97F9-BC4FF6717708}.Release|x86.ActiveCfg = Release|x86
		{9508E261-5AC5-4EB7-97F9-BC4FF6717708}.Release|x86.Build.0 = Release|x86
		{9508E261-5AC5-4EB7-97F9-BC4FF6717708}.Release|Xbox 360.ActiveCfg = Release|x86
		{9508E261-5AC5-4EB7-97F9-BC4FF6717708}.Release|Xbox 360.Build.0 = Release|x86
		{823EAE88-7125-4F9D-92BC-626BDE6B5533}.Debug|Any CPU.ActiveCfg = Debug|x86
		{823EAE88-7125-4F9D-92BC-626BDE6B5533}.Debug|ARM.ActiveCfg = Debug|x86
		{823EAE88-7125-4F9D-92BC-626BDE6B5533}.Debug|Mixed Platforms.ActiveCfg = Debug|x86
		{823EAE88-7125-4F9D-92BC-626BDE6B5533}.Debug|Mixed Platforms.Build.0 = Debug|x86
		{823EAE88-7125-4F9D-92BC-626BDE6B5533}.Debug|Windows Phone.ActiveCfg = Debug|x86
		{823EAE88-7125-4F9D-92BC-626BDE6B5533}.Debug|Windows Phone.Build.0 = Debug|x86
		{823EAE88-7125-4F9D-92BC-626BDE6B5533}.Debug|x64.ActiveCfg = Debug|x86
		{823EAE88-7125-4F9D-92BC-626BDE6B5533}.Debug|x86.ActiveCfg = Debug|x86
		{823EAE88-7125-4F9D-92BC-626BDE6B5533}.Debug|x86.Build.0 = Debug|x86
		{823EAE88-7125-4F9D-92BC-626BDE6B5533}.Debug|Xbox 360.ActiveCfg = Debug|x86
		{823EAE88-7125-4F9D-92BC-626BDE6B5533}.Debug|Xbox 360.Build.0 = Debug|x86
		{823EAE88-7125-4F9D-92BC-626BDE6B5533}.Release|Any CPU.ActiveCfg = Release|x86
		{823EAE88-7125-4F9D-92BC-626BDE6B5533}.Release|ARM.ActiveCfg = Release|x86
		{823EAE88-7125-4F9D-92BC-626BDE6B5533}.Release|Mixed Platforms.ActiveCfg = Release|x86
		{823EAE88-7125-4F9D-92BC-626BDE6B5533}.Release|Mixed Platforms.Build.0 = Release|x86
		{823EAE88-7125-4F9D-92BC-626BDE6B5533}.Release|Windows Phone.ActiveCfg = Release|x86
		{823EAE88-7125-4F9D-92BC-626BDE6B5533}.Release|Windows Phone.Build.0 = Release|x86
		{823EAE88-7125-4F9D-92BC-626BDE6B5533}.Release|x64.ActiveCfg = Release|x86
		{823EAE88-7125-4F9D-92BC-626BDE6B5533}.Release|x86.ActiveCfg = Release|x86
		{823EAE88-7125-4F9D-92BC-626BDE6B5533}.Release|x86.Build.0 = Release|x86
		{823EAE88-7125-4F9D-92BC-626BDE6B5533}.Release|Xbox 360.ActiveCfg = Release|x86
		{823EAE88-7125-4F9D-92BC-626BDE6B5533}.Release|Xbox 360.Build.0 = Release|x86
		{9BA5031C-BF5F-42A4-8083-F2CCF317AE12}.Debug|Any CPU.ActiveCfg = Debug|Any CPU
		{9BA5031C-BF5F-42A4-8083-F2CCF317AE12}.Debug|ARM.ActiveCfg = Debug|Any CPU
		{9BA5031C-BF5F-42A4-8083-F2CCF317AE12}.Debug|Mixed Platforms.ActiveCfg = Debug|Any CPU
		{9BA5031C-BF5F-42A4-8083-F2CCF317AE12}.Debug|Windows Phone.ActiveCfg = Debug|Any CPU
		{9BA5031C-BF5F-42A4-8083-F2CCF317AE12}.Debug|x64.ActiveCfg = Debug|Any CPU
		{9BA5031C-BF5F-42A4-8083-F2CCF317AE12}.Debug|x86.ActiveCfg = Debug|Any CPU
		{9BA5031C-BF5F-42A4-8083-F2CCF317AE12}.Debug|Xbox 360.ActiveCfg = Debug|Any CPU
		{9BA5031C-BF5F-42A4-8083-F2CCF317AE12}.Release|Any CPU.ActiveCfg = Debug|Any CPU
		{9BA5031C-BF5F-42A4-8083-F2CCF317AE12}.Release|ARM.ActiveCfg = Debug|Any CPU
		{9BA5031C-BF5F-42A4-8083-F2CCF317AE12}.Release|Mixed Platforms.ActiveCfg = Debug|Any CPU
		{9BA5031C-BF5F-42A4-8083-F2CCF317AE12}.Release|Windows Phone.ActiveCfg = Debug|Any CPU
		{9BA5031C-BF5F-42A4-8083-F2CCF317AE12}.Release|x64.ActiveCfg = Debug|Any CPU
		{9BA5031C-BF5F-42A4-8083-F2CCF317AE12}.Release|x86.ActiveCfg = Debug|Any CPU
		{9BA5031C-BF5F-42A4-8083-F2CCF317AE12}.Release|Xbox 360.ActiveCfg = Debug|Any CPU
		{5289A325-E339-4E11-84BF-321ADA51E1DF}.Debug|Any CPU.ActiveCfg = Debug|x86
		{5289A325-E339-4E11-84BF-321ADA51E1DF}.Debug|Any CPU.Build.0 = Debug|x86
		{5289A325-E339-4E11-84BF-321ADA51E1DF}.Debug|ARM.ActiveCfg = Debug|x86
		{5289A325-E339-4E11-84BF-321ADA51E1DF}.Debug|ARM.Build.0 = Debug|x86
		{5289A325-E339-4E11-84BF-321ADA51E1DF}.Debug|Mixed Platforms.ActiveCfg = Debug|x86
		{5289A325-E339-4E11-84BF-321ADA51E1DF}.Debug|Mixed Platforms.Build.0 = Debug|x86
		{5289A325-E339-4E11-84BF-321ADA51E1DF}.Debug|Windows Phone.ActiveCfg = Debug|x86
		{5289A325-E339-4E11-84BF-321ADA51E1DF}.Debug|Windows Phone.Build.0 = Debug|x86
		{5289A325-E339-4E11-84BF-321ADA51E1DF}.Debug|x64.ActiveCfg = Debug|x86
		{5289A325-E339-4E11-84BF-321ADA51E1DF}.Debug|x64.Build.0 = Debug|x86
		{5289A325-E339-4E11-84BF-321ADA51E1DF}.Debug|x86.ActiveCfg = Debug|x86
		{5289A325-E339-4E11-84BF-321ADA51E1DF}.Debug|x86.Build.0 = Debug|x86
		{5289A325-E339-4E11-84BF-321ADA51E1DF}.Debug|Xbox 360.ActiveCfg = Debug|x86
		{5289A325-E339-4E11-84BF-321ADA51E1DF}.Debug|Xbox 360.Build.0 = Debug|x86
		{5289A325-E339-4E11-84BF-321ADA51E1DF}.Release|Any CPU.ActiveCfg = Release|x86
		{5289A325-E339-4E11-84BF-321ADA51E1DF}.Release|Any CPU.Build.0 = Release|x86
		{5289A325-E339-4E11-84BF-321ADA51E1DF}.Release|ARM.ActiveCfg = Release|x86
		{5289A325-E339-4E11-84BF-321ADA51E1DF}.Release|ARM.Build.0 = Release|x86
		{5289A325-E339-4E11-84BF-321ADA51E1DF}.Release|Mixed Platforms.ActiveCfg = Release|x86
		{5289A325-E339-4E11-84BF-321ADA51E1DF}.Release|Mixed Platforms.Build.0 = Release|x86
		{5289A325-E339-4E11-84BF-321ADA51E1DF}.Release|Windows Phone.ActiveCfg = Release|x86
		{5289A325-E339-4E11-84BF-321ADA51E1DF}.Release|Windows Phone.Build.0 = Release|x86
		{5289A325-E339-4E11-84BF-321ADA51E1DF}.Release|x64.ActiveCfg = Release|x86
		{5289A325-E339-4E11-84BF-321ADA51E1DF}.Release|x64.Build.0 = Release|x86
		{5289A325-E339-4E11-84BF-321ADA51E1DF}.Release|x86.ActiveCfg = Release|x86
		{5289A325-E339-4E11-84BF-321ADA51E1DF}.Release|x86.Build.0 = Release|x86
		{5289A325-E339-4E11-84BF-321ADA51E1DF}.Release|Xbox 360.ActiveCfg = Release|x86
		{5289A325-E339-4E11-84BF-321ADA51E1DF}.Release|Xbox 360.Build.0 = Release|x86
		{8C362669-6670-42D7-B22C-E0930B3242E3}.Debug|Any CPU.ActiveCfg = Debug|x86
		{8C362669-6670-42D7-B22C-E0930B3242E3}.Debug|ARM.ActiveCfg = Debug|x86
		{8C362669-6670-42D7-B22C-E0930B3242E3}.Debug|Mixed Platforms.ActiveCfg = Debug|x86
		{8C362669-6670-42D7-B22C-E0930B3242E3}.Debug|Mixed Platforms.Build.0 = Debug|x86
		{8C362669-6670-42D7-B22C-E0930B3242E3}.Debug|Windows Phone.ActiveCfg = Debug|x86
		{8C362669-6670-42D7-B22C-E0930B3242E3}.Debug|Windows Phone.Build.0 = Debug|x86
		{8C362669-6670-42D7-B22C-E0930B3242E3}.Debug|x64.ActiveCfg = Debug|x86
		{8C362669-6670-42D7-B22C-E0930B3242E3}.Debug|x86.ActiveCfg = Debug|x86
		{8C362669-6670-42D7-B22C-E0930B3242E3}.Debug|x86.Build.0 = Debug|x86
		{8C362669-6670-42D7-B22C-E0930B3242E3}.Debug|Xbox 360.ActiveCfg = Debug|x86
		{8C362669-6670-42D7-B22C-E0930B3242E3}.Debug|Xbox 360.Build.0 = Debug|x86
		{8C362669-6670-42D7-B22C-E0930B3242E3}.Release|Any CPU.ActiveCfg = Release|x86
		{8C362669-6670-42D7-B22C-E0930B3242E3}.Release|ARM.ActiveCfg = Release|x86
		{8C362669-6670-42D7-B22C-E0930B3242E3}.Release|Mixed Platforms.ActiveCfg = Release|x86
		{8C362669-6670-42D7-B22C-E0930B3242E3}.Release|Mixed Platforms.Build.0 = Release|x86
		{8C362669-6670-42D7-B22C-E0930B3242E3}.Release|Windows Phone.ActiveCfg = Release|x86
		{8C362669-6670-42D7-B22C-E0930B3242E3}.Release|Windows Phone.Build.0 = Release|x86
		{8C362669-6670-42D7-B22C-E0930B3242E3}.Release|x64.ActiveCfg = Release|x86
		{8C362669-6670-42D7-B22C-E0930B3242E3}.Release|x86.ActiveCfg = Release|x86
		{8C362669-6670-42D7-B22C-E0930B3242E3}.Release|x86.Build.0 = Release|x86
		{8C362669-6670-42D7-B22C-E0930B3242E3}.Release|Xbox 360.ActiveCfg = Release|x86
		{8C362669-6670-42D7-B22C-E0930B3242E3}.Release|Xbox 360.Build.0 = Release|x86
		{EE780E75-E9EE-4FDC-B797-C0C6CF318D1D}.Debug|Any CPU.ActiveCfg = Debug|x86
		{EE780E75-E9EE-4FDC-B797-C0C6CF318D1D}.Debug|ARM.ActiveCfg = Debug|x86
		{EE780E75-E9EE-4FDC-B797-C0C6CF318D1D}.Debug|Mixed Platforms.ActiveCfg = Debug|x86
		{EE780E75-E9EE-4FDC-B797-C0C6CF318D1D}.Debug|Mixed Platforms.Build.0 = Debug|x86
		{EE780E75-E9EE-4FDC-B797-C0C6CF318D1D}.Debug|Windows Phone.ActiveCfg = Debug|x86
		{EE780E75-E9EE-4FDC-B797-C0C6CF318D1D}.Debug|x64.ActiveCfg = Debug|x86
		{EE780E75-E9EE-4FDC-B797-C0C6CF318D1D}.Debug|x86.ActiveCfg = Debug|x86
		{EE780E75-E9EE-4FDC-B797-C0C6CF318D1D}.Debug|x86.Build.0 = Debug|x86
		{EE780E75-E9EE-4FDC-B797-C0C6CF318D1D}.Debug|Xbox 360.ActiveCfg = Debug|x86
		{EE780E75-E9EE-4FDC-B797-C0C6CF318D1D}.Release|Any CPU.ActiveCfg = Release|x86
		{EE780E75-E9EE-4FDC-B797-C0C6CF318D1D}.Release|ARM.ActiveCfg = Release|x86
		{EE780E75-E9EE-4FDC-B797-C0C6CF318D1D}.Release|Mixed Platforms.ActiveCfg = Release|x86
		{EE780E75-E9EE-4FDC-B797-C0C6CF318D1D}.Release|Mixed Platforms.Build.0 = Release|x86
		{EE780E75-E9EE-4FDC-B797-C0C6CF318D1D}.Release|Windows Phone.ActiveCfg = Release|x86
		{EE780E75-E9EE-4FDC-B797-C0C6CF318D1D}.Release|x64.ActiveCfg = Release|x86
		{EE780E75-E9EE-4FDC-B797-C0C6CF318D1D}.Release|x86.ActiveCfg = Release|x86
		{EE780E75-E9EE-4FDC-B797-C0C6CF318D1D}.Release|x86.Build.0 = Release|x86
		{EE780E75-E9EE-4FDC-B797-C0C6CF318D1D}.Release|Xbox 360.ActiveCfg = Release|x86
		{DCDA696F-C4D7-4F54-92DC-B3BD89C11932}.Debug|Any CPU.ActiveCfg = Debug|x86
		{DCDA696F-C4D7-4F54-92DC-B3BD89C11932}.Debug|ARM.ActiveCfg = Debug|x86
		{DCDA696F-C4D7-4F54-92DC-B3BD89C11932}.Debug|Mixed Platforms.ActiveCfg = Debug|x86
		{DCDA696F-C4D7-4F54-92DC-B3BD89C11932}.Debug|Mixed Platforms.Build.0 = Debug|x86
		{DCDA696F-C4D7-4F54-92DC-B3BD89C11932}.Debug|Windows Phone.ActiveCfg = Debug|x86
		{DCDA696F-C4D7-4F54-92DC-B3BD89C11932}.Debug|x64.ActiveCfg = Debug|x86
		{DCDA696F-C4D7-4F54-92DC-B3BD89C11932}.Debug|x86.ActiveCfg = Debug|x86
		{DCDA696F-C4D7-4F54-92DC-B3BD89C11932}.Debug|x86.Build.0 = Debug|x86
		{DCDA696F-C4D7-4F54-92DC-B3BD89C11932}.Debug|Xbox 360.ActiveCfg = Debug|x86
		{DCDA696F-C4D7-4F54-92DC-B3BD89C11932}.Release|Any CPU.ActiveCfg = Release|x86
		{DCDA696F-C4D7-4F54-92DC-B3BD89C11932}.Release|ARM.ActiveCfg = Release|x86
		{DCDA696F-C4D7-4F54-92DC-B3BD89C11932}.Release|Mixed Platforms.ActiveCfg = Release|x86
		{DCDA696F-C4D7-4F54-92DC-B3BD89C11932}.Release|Mixed Platforms.Build.0 = Release|x86
		{DCDA696F-C4D7-4F54-92DC-B3BD89C11932}.Release|Windows Phone.ActiveCfg = Release|x86
		{DCDA696F-C4D7-4F54-92DC-B3BD89C11932}.Release|x64.ActiveCfg = Release|x86
		{DCDA696F-C4D7-4F54-92DC-B3BD89C11932}.Release|x86.ActiveCfg = Release|x86
		{DCDA696F-C4D7-4F54-92DC-B3BD89C11932}.Release|x86.Build.0 = Release|x86
		{DCDA696F-C4D7-4F54-92DC-B3BD89C11932}.Release|Xbox 360.ActiveCfg = Release|x86
		{B8E4B812-A541-416E-8F77-E78CF059CDD3}.Debug|Any CPU.ActiveCfg = Debug|x86
		{B8E4B812-A541-416E-8F77-E78CF059CDD3}.Debug|Any CPU.Build.0 = Debug|x86
		{B8E4B812-A541-416E-8F77-E78CF059CDD3}.Debug|ARM.ActiveCfg = Debug|x86
		{B8E4B812-A541-416E-8F77-E78CF059CDD3}.Debug|ARM.Build.0 = Debug|x86
		{B8E4B812-A541-416E-8F77-E78CF059CDD3}.Debug|Mixed Platforms.ActiveCfg = Debug|x86
		{B8E4B812-A541-416E-8F77-E78CF059CDD3}.Debug|Mixed Platforms.Build.0 = Debug|x86
		{B8E4B812-A541-416E-8F77-E78CF059CDD3}.Debug|Windows Phone.ActiveCfg = Debug|x86
		{B8E4B812-A541-416E-8F77-E78CF059CDD3}.Debug|Windows Phone.Build.0 = Debug|x86
		{B8E4B812-A541-416E-8F77-E78CF059CDD3}.Debug|x64.ActiveCfg = Debug|x86
		{B8E4B812-A541-416E-8F77-E78CF059CDD3}.Debug|x64.Build.0 = Debug|x86
		{B8E4B812-A541-416E-8F77-E78CF059CDD3}.Debug|x86.ActiveCfg = Debug|x86
		{B8E4B812-A541-416E-8F77-E78CF059CDD3}.Debug|x86.Build.0 = Debug|x86
		{B8E4B812-A541-416E-8F77-E78CF059CDD3}.Debug|Xbox 360.ActiveCfg = Debug|x86
		{B8E4B812-A541-416E-8F77-E78CF059CDD3}.Debug|Xbox 360.Build.0 = Debug|x86
		{B8E4B812-A541-416E-8F77-E78CF059CDD3}.Release|Any CPU.ActiveCfg = Release|x86
		{B8E4B812-A541-416E-8F77-E78CF059CDD3}.Release|Any CPU.Build.0 = Release|x86
		{B8E4B812-A541-416E-8F77-E78CF059CDD3}.Release|ARM.ActiveCfg = Release|x86
		{B8E4B812-A541-416E-8F77-E78CF059CDD3}.Release|ARM.Build.0 = Release|x86
		{B8E4B812-A541-416E-8F77-E78CF059CDD3}.Release|Mixed Platforms.ActiveCfg = Release|x86
		{B8E4B812-A541-416E-8F77-E78CF059CDD3}.Release|Mixed Platforms.Build.0 = Release|x86
		{B8E4B812-A541-416E-8F77-E78CF059CDD3}.Release|Windows Phone.ActiveCfg = Release|x86
		{B8E4B812-A541-416E-8F77-E78CF059CDD3}.Release|Windows Phone.Build.0 = Release|x86
		{B8E4B812-A541-416E-8F77-E78CF059CDD3}.Release|x64.ActiveCfg = Release|x86
		{B8E4B812-A541-416E-8F77-E78CF059CDD3}.Release|x64.Build.0 = Release|x86
		{B8E4B812-A541-416E-8F77-E78CF059CDD3}.Release|x86.ActiveCfg = Release|x86
		{B8E4B812-A541-416E-8F77-E78CF059CDD3}.Release|x86.Build.0 = Release|x86
		{B8E4B812-A541-416E-8F77-E78CF059CDD3}.Release|Xbox 360.ActiveCfg = Release|x86
		{B8E4B812-A541-416E-8F77-E78CF059CDD3}.Release|Xbox 360.Build.0 = Release|x86
		{3E68079A-CDC4-4604-89C0-9162029A48F9}.Debug|Any CPU.ActiveCfg = Debug|x86
		{3E68079A-CDC4-4604-89C0-9162029A48F9}.Debug|ARM.ActiveCfg = Debug|x86
		{3E68079A-CDC4-4604-89C0-9162029A48F9}.Debug|Mixed Platforms.ActiveCfg = Debug|x86
		{3E68079A-CDC4-4604-89C0-9162029A48F9}.Debug|Mixed Platforms.Build.0 = Debug|x86
		{3E68079A-CDC4-4604-89C0-9162029A48F9}.Debug|Windows Phone.ActiveCfg = Debug|x86
		{3E68079A-CDC4-4604-89C0-9162029A48F9}.Debug|x64.ActiveCfg = Debug|x86
		{3E68079A-CDC4-4604-89C0-9162029A48F9}.Debug|x86.ActiveCfg = Debug|x86
		{3E68079A-CDC4-4604-89C0-9162029A48F9}.Debug|x86.Build.0 = Debug|x86
		{3E68079A-CDC4-4604-89C0-9162029A48F9}.Debug|Xbox 360.ActiveCfg = Debug|x86
		{3E68079A-CDC4-4604-89C0-9162029A48F9}.Release|Any CPU.ActiveCfg = Release|x86
		{3E68079A-CDC4-4604-89C0-9162029A48F9}.Release|ARM.ActiveCfg = Release|x86
		{3E68079A-CDC4-4604-89C0-9162029A48F9}.Release|Mixed Platforms.ActiveCfg = Release|x86
		{3E68079A-CDC4-4604-89C0-9162029A48F9}.Release|Mixed Platforms.Build.0 = Release|x86
		{3E68079A-CDC4-4604-89C0-9162029A48F9}.Release|Windows Phone.ActiveCfg = Release|x86
		{3E68079A-CDC4-4604-89C0-9162029A48F9}.Release|x64.ActiveCfg = Release|x86
		{3E68079A-CDC4-4604-89C0-9162029A48F9}.Release|x86.ActiveCfg = Release|x86
		{3E68079A-CDC4-4604-89C0-9162029A48F9}.Release|x86.Build.0 = Release|x86
		{3E68079A-CDC4-4604-89C0-9162029A48F9}.Release|Xbox 360.ActiveCfg = Release|x86
		{6A231CE9-74B6-4485-A2A9-BCBAC4A0F5CA}.Debug|Any CPU.ActiveCfg = Debug|Any CPU
		{6A231CE9-74B6-4485-A2A9-BCBAC4A0F5CA}.Debug|ARM.ActiveCfg = Debug|Any CPU
		{6A231CE9-74B6-4485-A2A9-BCBAC4A0F5CA}.Debug|Mixed Platforms.ActiveCfg = Debug|Any CPU
		{6A231CE9-74B6-4485-A2A9-BCBAC4A0F5CA}.Debug|Windows Phone.ActiveCfg = Debug|Any CPU
		{6A231CE9-74B6-4485-A2A9-BCBAC4A0F5CA}.Debug|x64.ActiveCfg = Debug|Any CPU
		{6A231CE9-74B6-4485-A2A9-BCBAC4A0F5CA}.Debug|x86.ActiveCfg = Debug|Any CPU
		{6A231CE9-74B6-4485-A2A9-BCBAC4A0F5CA}.Debug|Xbox 360.ActiveCfg = Debug|Any CPU
		{6A231CE9-74B6-4485-A2A9-BCBAC4A0F5CA}.Release|Any CPU.ActiveCfg = Debug|Any CPU
		{6A231CE9-74B6-4485-A2A9-BCBAC4A0F5CA}.Release|ARM.ActiveCfg = Debug|Any CPU
		{6A231CE9-74B6-4485-A2A9-BCBAC4A0F5CA}.Release|Mixed Platforms.ActiveCfg = Debug|Any CPU
		{6A231CE9-74B6-4485-A2A9-BCBAC4A0F5CA}.Release|Windows Phone.ActiveCfg = Debug|Any CPU
		{6A231CE9-74B6-4485-A2A9-BCBAC4A0F5CA}.Release|x64.ActiveCfg = Debug|Any CPU
		{6A231CE9-74B6-4485-A2A9-BCBAC4A0F5CA}.Release|x86.ActiveCfg = Debug|Any CPU
		{6A231CE9-74B6-4485-A2A9-BCBAC4A0F5CA}.Release|Xbox 360.ActiveCfg = Debug|Any CPU
		{8B9EDD3C-AF88-46BD-83B8-63559C3D269A}.Debug|Any CPU.ActiveCfg = Debug|x86
		{8B9EDD3C-AF88-46BD-83B8-63559C3D269A}.Debug|Any CPU.Build.0 = Debug|x86
		{8B9EDD3C-AF88-46BD-83B8-63559C3D269A}.Debug|ARM.ActiveCfg = Debug|x86
		{8B9EDD3C-AF88-46BD-83B8-63559C3D269A}.Debug|ARM.Build.0 = Debug|x86
		{8B9EDD3C-AF88-46BD-83B8-63559C3D269A}.Debug|Mixed Platforms.ActiveCfg = Debug|x86
		{8B9EDD3C-AF88-46BD-83B8-63559C3D269A}.Debug|Mixed Platforms.Build.0 = Debug|x86
		{8B9EDD3C-AF88-46BD-83B8-63559C3D269A}.Debug|Windows Phone.ActiveCfg = Debug|x86
		{8B9EDD3C-AF88-46BD-83B8-63559C3D269A}.Debug|Windows Phone.Build.0 = Debug|x86
		{8B9EDD3C-AF88-46BD-83B8-63559C3D269A}.Debug|x64.ActiveCfg = Debug|x86
		{8B9EDD3C-AF88-46BD-83B8-63559C3D269A}.Debug|x64.Build.0 = Debug|x86
		{8B9EDD3C-AF88-46BD-83B8-63559C3D269A}.Debug|x86.ActiveCfg = Debug|x86
		{8B9EDD3C-AF88-46BD-83B8-63559C3D269A}.Debug|x86.Build.0 = Debug|x86
		{8B9EDD3C-AF88-46BD-83B8-63559C3D269A}.Debug|Xbox 360.ActiveCfg = Debug|x86
		{8B9EDD3C-AF88-46BD-83B8-63559C3D269A}.Debug|Xbox 360.Build.0 = Debug|x86
		{8B9EDD3C-AF88-46BD-83B8-63559C3D269A}.Release|Any CPU.ActiveCfg = Release|x86
		{8B9EDD3C-AF88-46BD-83B8-63559C3D269A}.Release|Any CPU.Build.0 = Release|x86
		{8B9EDD3C-AF88-46BD-83B8-63559C3D269A}.Release|ARM.ActiveCfg = Release|x86
		{8B9EDD3C-AF88-46BD-83B8-63559C3D269A}.Release|ARM.Build.0 = Release|x86
		{8B9EDD3C-AF88-46BD-83B8-63559C3D269A}.Release|Mixed Platforms.ActiveCfg = Release|x86
		{8B9EDD3C-AF88-46BD-83B8-63559C3D269A}.Release|Mixed Platforms.Build.0 = Release|x86
		{8B9EDD3C-AF88-46BD-83B8-63559C3D269A}.Release|Windows Phone.ActiveCfg = Release|x86
		{8B9EDD3C-AF88-46BD-83B8-63559C3D269A}.Release|Windows Phone.Build.0 = Release|x86
		{8B9EDD3C-AF88-46BD-83B8-63559C3D269A}.Release|x64.ActiveCfg = Release|x86
		{8B9EDD3C-AF88-46BD-83B8-63559C3D269A}.Release|x64.Build.0 = Release|x86
		{8B9EDD3C-AF88-46BD-83B8-63559C3D269A}.Release|x86.ActiveCfg = Release|x86
		{8B9EDD3C-AF88-46BD-83B8-63559C3D269A}.Release|x86.Build.0 = Release|x86
		{8B9EDD3C-AF88-46BD-83B8-63559C3D269A}.Release|Xbox 360.ActiveCfg = Release|x86
		{8B9EDD3C-AF88-46BD-83B8-63559C3D269A}.Release|Xbox 360.Build.0 = Release|x86
		{80FA149F-949C-4AB6-A1F1-0122C48E100A}.Debug|Any CPU.ActiveCfg = Debug|x86
		{80FA149F-949C-4AB6-A1F1-0122C48E100A}.Debug|ARM.ActiveCfg = Debug|x86
		{80FA149F-949C-4AB6-A1F1-0122C48E100A}.Debug|Mixed Platforms.ActiveCfg = Debug|x86
		{80FA149F-949C-4AB6-A1F1-0122C48E100A}.Debug|Mixed Platforms.Build.0 = Debug|x86
		{80FA149F-949C-4AB6-A1F1-0122C48E100A}.Debug|Windows Phone.ActiveCfg = Debug|x86
		{80FA149F-949C-4AB6-A1F1-0122C48E100A}.Debug|x64.ActiveCfg = Debug|x86
		{80FA149F-949C-4AB6-A1F1-0122C48E100A}.Debug|x86.ActiveCfg = Debug|x86
		{80FA149F-949C-4AB6-A1F1-0122C48E100A}.Debug|x86.Build.0 = Debug|x86
		{80FA149F-949C-4AB6-A1F1-0122C48E100A}.Debug|Xbox 360.ActiveCfg = Debug|x86
		{80FA149F-949C-4AB6-A1F1-0122C48E100A}.Release|Any CPU.ActiveCfg = Release|x86
		{80FA149F-949C-4AB6-A1F1-0122C48E100A}.Release|ARM.ActiveCfg = Release|x86
		{80FA149F-949C-4AB6-A1F1-0122C48E100A}.Release|Mixed Platforms.ActiveCfg = Release|x86
		{80FA149F-949C-4AB6-A1F1-0122C48E100A}.Release|Mixed Platforms.Build.0 = Release|x86
		{80FA149F-949C-4AB6-A1F1-0122C48E100A}.Release|Windows Phone.ActiveCfg = Release|x86
		{80FA149F-949C-4AB6-A1F1-0122C48E100A}.Release|x64.ActiveCfg = Release|x86
		{80FA149F-949C-4AB6-A1F1-0122C48E100A}.Release|x86.ActiveCfg = Release|x86
		{80FA149F-949C-4AB6-A1F1-0122C48E100A}.Release|x86.Build.0 = Release|x86
		{80FA149F-949C-4AB6-A1F1-0122C48E100A}.Release|Xbox 360.ActiveCfg = Release|x86
		{8BA83B1A-5B69-477B-A6AF-2933A2B7DD8B}.Debug|Any CPU.ActiveCfg = Debug|Any CPU
		{8BA83B1A-5B69-477B-A6AF-2933A2B7DD8B}.Debug|ARM.ActiveCfg = Debug|Any CPU
		{8BA83B1A-5B69-477B-A6AF-2933A2B7DD8B}.Debug|Mixed Platforms.ActiveCfg = Debug|Any CPU
		{8BA83B1A-5B69-477B-A6AF-2933A2B7DD8B}.Debug|Windows Phone.ActiveCfg = Debug|Any CPU
		{8BA83B1A-5B69-477B-A6AF-2933A2B7DD8B}.Debug|x64.ActiveCfg = Debug|Any CPU
		{8BA83B1A-5B69-477B-A6AF-2933A2B7DD8B}.Debug|x86.ActiveCfg = Debug|Any CPU
		{8BA83B1A-5B69-477B-A6AF-2933A2B7DD8B}.Debug|Xbox 360.ActiveCfg = Debug|Any CPU
		{8BA83B1A-5B69-477B-A6AF-2933A2B7DD8B}.Release|Any CPU.ActiveCfg = Debug|Any CPU
		{8BA83B1A-5B69-477B-A6AF-2933A2B7DD8B}.Release|ARM.ActiveCfg = Debug|Any CPU
		{8BA83B1A-5B69-477B-A6AF-2933A2B7DD8B}.Release|Mixed Platforms.ActiveCfg = Debug|Any CPU
		{8BA83B1A-5B69-477B-A6AF-2933A2B7DD8B}.Release|Windows Phone.ActiveCfg = Debug|Any CPU
		{8BA83B1A-5B69-477B-A6AF-2933A2B7DD8B}.Release|x64.ActiveCfg = Debug|Any CPU
		{8BA83B1A-5B69-477B-A6AF-2933A2B7DD8B}.Release|x86.ActiveCfg = Debug|Any CPU
		{8BA83B1A-5B69-477B-A6AF-2933A2B7DD8B}.Release|Xbox 360.ActiveCfg = Debug|Any CPU
	EndGlobalSection
	GlobalSection(SolutionProperties) = preSolution
		HideSolutionNode = FALSE
	EndGlobalSection
	GlobalSection(NestedProjects) = preSolution
		{5A0E3C60-1CA9-49D5-84CA-308CB8E3A3B4} = {4394B6B3-5CCF-453E-A5ED-965130BB74F5}
		{05D82E85-901A-42CE-8D0A-DAF8B7F0168B} = {4394B6B3-5CCF-453E-A5ED-965130BB74F5}
		{4A84FCAF-BDD3-403E-A409-346D8B36564B} = {4394B6B3-5CCF-453E-A5ED-965130BB74F5}
		{8D76487A-0B6F-4517-85B0-2762AE1B4E1A} = {4394B6B3-5CCF-453E-A5ED-965130BB74F5}
		{F9BE9DF7-F990-438E-A421-C0BDC48098F8} = {4394B6B3-5CCF-453E-A5ED-965130BB74F5}
		{5A02E74E-EF4A-405A-89F2-77A76E9767DD} = {4394B6B3-5CCF-453E-A5ED-965130BB74F5}
		{716F2448-5602-451E-B1A8-1E1C46DD4A0E} = {4394B6B3-5CCF-453E-A5ED-965130BB74F5}
		{8ADF4A57-4257-47B7-A2C3-3BA700613DB0} = {4394B6B3-5CCF-453E-A5ED-965130BB74F5}
		{E87B98FA-35CF-4A48-904A-0CB1A87A6D5D} = {4394B6B3-5CCF-453E-A5ED-965130BB74F5}
		{630154B1-627E-4890-94D7-6C7C6C0F9420} = {4394B6B3-5CCF-453E-A5ED-965130BB74F5}
		{3EBC3967-7562-463E-A636-78C5EDB94C06} = {4394B6B3-5CCF-453E-A5ED-965130BB74F5}
		{9508E261-5AC5-4EB7-97F9-BC4FF6717708} = {4394B6B3-5CCF-453E-A5ED-965130BB74F5}
		{823EAE88-7125-4F9D-92BC-626BDE6B5533} = {4394B6B3-5CCF-453E-A5ED-965130BB74F5}
		{9BA5031C-BF5F-42A4-8083-F2CCF317AE12} = {4394B6B3-5CCF-453E-A5ED-965130BB74F5}
		{5289A325-E339-4E11-84BF-321ADA51E1DF} = {4394B6B3-5CCF-453E-A5ED-965130BB74F5}
		{8C362669-6670-42D7-B22C-E0930B3242E3} = {4394B6B3-5CCF-453E-A5ED-965130BB74F5}
		{EE780E75-E9EE-4FDC-B797-C0C6CF318D1D} = {4394B6B3-5CCF-453E-A5ED-965130BB74F5}
		{DCDA696F-C4D7-4F54-92DC-B3BD89C11932} = {4394B6B3-5CCF-453E-A5ED-965130BB74F5}
		{B8E4B812-A541-416E-8F77-E78CF059CDD3} = {4394B6B3-5CCF-453E-A5ED-965130BB74F5}
		{3E68079A-CDC4-4604-89C0-9162029A48F9} = {D56D9F8A-F55A-4EBA-817B-81FE7ABDD5FF}
		{6A231CE9-74B6-4485-A2A9-BCBAC4A0F5CA} = {D56D9F8A-F55A-4EBA-817B-81FE7ABDD5FF}
		{8B9EDD3C-AF88-46BD-83B8-63559C3D269A} = {D56D9F8A-F55A-4EBA-817B-81FE7ABDD5FF}
		{80FA149F-949C-4AB6-A1F1-0122C48E100A} = {D56D9F8A-F55A-4EBA-817B-81FE7ABDD5FF}
		{8BA83B1A-5B69-477B-A6AF-2933A2B7DD8B} = {D56D9F8A-F55A-4EBA-817B-81FE7ABDD5FF}
	EndGlobalSection
EndGlobal
